
Microsoft Visual Studio Solution File, Format Version 12.00
# Visual Studio Version 16
VisualStudioVersion = 16.0.29721.120
MinimumVisualStudioVersion = 10.0.40219.1
Project("{FAE04EC0-301F-11D3-BF4B-00C04F79EFBC}") = "Questionnaire", "Questionnaire\Questionnaire.csproj", "{CD570294-48C5-4141-89F4-532E78631DC3}"
EndProject
Project("{FAE04EC0-301F-11D3-BF4B-00C04F79EFBC}") = "TestQuestionnaire", "TestQuestionnaire\TestQuestionnaire.csproj", "{41F20552-C2D2-45B8-88E6-262E97AFE6AD}"
EndProject
Global
	GlobalSection(SolutionConfigurationPlatforms) = preSolution
		Debug|Any CPU = Debug|Any CPU
		Release|Any CPU = Release|Any CPU
	EndGlobalSection
	GlobalSection(ProjectConfigurationPlatforms) = postSolution
		{CD570294-48C5-4141-89F4-532E78631DC3}.Debug|Any CPU.ActiveCfg = Debug|Any CPU
		{CD570294-48C5-4141-89F4-532E78631DC3}.Debug|Any CPU.Build.0 = Debug|Any CPU
		{CD570294-48C5-4141-89F4-532E78631DC3}.Release|Any CPU.ActiveCfg = Release|Any CPU
		{CD570294-48C5-4141-89F4-532E78631DC3}.Release|Any CPU.Build.0 = Release|Any CPU
		{41F20552-C2D2-45B8-88E6-262E97AFE6AD}.Debug|Any CPU.ActiveCfg = Debug|Any CPU
		{41F20552-C2D2-45B8-88E6-262E97AFE6AD}.Debug|Any CPU.Build.0 = Debug|Any CPU
		{41F20552-C2D2-45B8-88E6-262E97AFE6AD}.Release|Any CPU.ActiveCfg = Release|Any CPU
		{41F20552-C2D2-45B8-88E6-262E97AFE6AD}.Release|Any CPU.Build.0 = Release|Any CPU
	EndGlobalSection
	GlobalSection(SolutionProperties) = preSolution
		HideSolutionNode = FALSE
	EndGlobalSection
	GlobalSection(ExtensibilityGlobals) = postSolution
		SolutionGuid = {2D3624DA-4EEA-489D-B798-BD707830693A}
	EndGlobalSection
EndGlobal
